
Microsoft Visual Studio Solution File, Format Version 12.00
# Visual Studio 2012
Project("{FAE04EC0-301F-11D3-BF4B-00C04F79EFBC}") = "Terradue.Tep.Urban.WebServer", "Terradue.Tep.Urban.WebServer\Terradue.Tep.Urban.WebServer.csproj", "{AB6EAAE6-06A8-4DAA-9478-1DDB83B6B8C0}"
EndProject
Project("{FAE04EC0-301F-11D3-BF4B-00C04F79EFBC}") = "www-root", "Terradue.Tep.Urban.WebServer\sites\tepurban\root\www-root.csproj", "{4112C16B-052E-4B48-BB0D-EAF914097688}"
EndProject
Global
	GlobalSection(SolutionConfigurationPlatforms) = preSolution
		Debug|Any CPU = Debug|Any CPU
		Release|Any CPU = Release|Any CPU
	EndGlobalSection
	GlobalSection(ProjectConfigurationPlatforms) = postSolution
		{AB6EAAE6-06A8-4DAA-9478-1DDB83B6B8C0}.Debug|Any CPU.ActiveCfg = Debug|Any CPU
		{AB6EAAE6-06A8-4DAA-9478-1DDB83B6B8C0}.Debug|Any CPU.Build.0 = Debug|Any CPU
		{AB6EAAE6-06A8-4DAA-9478-1DDB83B6B8C0}.Release|Any CPU.ActiveCfg = Release|Any CPU
		{AB6EAAE6-06A8-4DAA-9478-1DDB83B6B8C0}.Release|Any CPU.Build.0 = Release|Any CPU
		{4112C16B-052E-4B48-BB0D-EAF914097688}.Debug|Any CPU.ActiveCfg = Debug|Any CPU
		{4112C16B-052E-4B48-BB0D-EAF914097688}.Debug|Any CPU.Build.0 = Debug|Any CPU
		{4112C16B-052E-4B48-BB0D-EAF914097688}.Release|Any CPU.ActiveCfg = Release|Any CPU
		{4112C16B-052E-4B48-BB0D-EAF914097688}.Release|Any CPU.Build.0 = Release|Any CPU
	EndGlobalSection
	GlobalSection(MonoDevelopProperties) = preSolution
		StartupItem = www-root\www-root.csproj
	EndGlobalSection
EndGlobal
